
Microsoft Visual Studio Solution File, Format Version 12.00
# Visual Studio Version 16
VisualStudioVersion = 16.0.29102.190
MinimumVisualStudioVersion = 10.0.40219.1
Project("{FAE04EC0-301F-11D3-BF4B-00C04F79EFBC}") = "Space_Invaders", "Space_Invaders\Space_Invaders.csproj", "{C38E20ED-FBFE-40E1-8635-B83C055B958B}"
EndProject
Project("{FAE04EC0-301F-11D3-BF4B-00C04F79EFBC}") = "UnitTestSpace_Invaders", "UnitTestSpace_Invaders\UnitTestSpace_Invaders.csproj", "{01183544-607F-4C0A-BA44-187DF98C0024}"
EndProject
Global
	GlobalSection(SolutionConfigurationPlatforms) = preSolution
		Debug|Any CPU = Debug|Any CPU
		Release|Any CPU = Release|Any CPU
	EndGlobalSection
	GlobalSection(ProjectConfigurationPlatforms) = postSolution
		{C38E20ED-FBFE-40E1-8635-B83C055B958B}.Debug|Any CPU.ActiveCfg = Debug|Any CPU
		{C38E20ED-FBFE-40E1-8635-B83C055B958B}.Debug|Any CPU.Build.0 = Debug|Any CPU
		{C38E20ED-FBFE-40E1-8635-B83C055B958B}.Release|Any CPU.ActiveCfg = Release|Any CPU
		{C38E20ED-FBFE-40E1-8635-B83C055B958B}.Release|Any CPU.Build.0 = Release|Any CPU
		{01183544-607F-4C0A-BA44-187DF98C0024}.Debug|Any CPU.ActiveCfg = Debug|Any CPU
		{01183544-607F-4C0A-BA44-187DF98C0024}.Debug|Any CPU.Build.0 = Debug|Any CPU
		{01183544-607F-4C0A-BA44-187DF98C0024}.Release|Any CPU.ActiveCfg = Release|Any CPU
		{01183544-607F-4C0A-BA44-187DF98C0024}.Release|Any CPU.Build.0 = Release|Any CPU
	EndGlobalSection
	GlobalSection(SolutionProperties) = preSolution
		HideSolutionNode = FALSE
	EndGlobalSection
	GlobalSection(ExtensibilityGlobals) = postSolution
		SolutionGuid = {38BD612F-26D2-4F3E-9035-6DE924902AA4}
	EndGlobalSection
EndGlobal
